
Microsoft Visual Studio Solution File, Format Version 12.00
# Visual Studio Version 16
VisualStudioVersion = 16.0.31702.278
MinimumVisualStudioVersion = 10.0.40219.1
Project("{FAE04EC0-301F-11D3-BF4B-00C04F79EFBC}") = "ASP-MVC-Contoso", "ASP-MVC-Contoso\ASP-MVC-Contoso.csproj", "{A65C1333-2092-4E48-86F6-1ABB65C99BD0}"
EndProject
Global
	GlobalSection(SolutionConfigurationPlatforms) = preSolution
		Debug|Any CPU = Debug|Any CPU
		Release|Any CPU = Release|Any CPU
	EndGlobalSection
	GlobalSection(ProjectConfigurationPlatforms) = postSolution
		{A65C1333-2092-4E48-86F6-1ABB65C99BD0}.Debug|Any CPU.ActiveCfg = Debug|Any CPU
		{A65C1333-2092-4E48-86F6-1ABB65C99BD0}.Debug|Any CPU.Build.0 = Debug|Any CPU
		{A65C1333-2092-4E48-86F6-1ABB65C99BD0}.Release|Any CPU.ActiveCfg = Release|Any CPU
		{A65C1333-2092-4E48-86F6-1ABB65C99BD0}.Release|Any CPU.Build.0 = Release|Any CPU
	EndGlobalSection
	GlobalSection(SolutionProperties) = preSolution
		HideSolutionNode = FALSE
	EndGlobalSection
	GlobalSection(ExtensibilityGlobals) = postSolution
		SolutionGuid = {32AF78FE-4FF4-4891-8BD3-8E77C63C665C}
	EndGlobalSection
EndGlobal
